// !$*UTF8*$!
{
	archiveVersion = 1;
	classes = {
	};
	objectVersion = 77;
	objects = {

/* Begin PBXBuildFile section */
		BBED9D7E2EA3F377006DC0F8 /* ComposableArchitecture in Frameworks */ = {isa = PBXBuildFile; productRef = BBED9D7D2EA3F377006DC0F8 /* ComposableArchitecture */; };
		BBED9DBD2EA3FBB4006DC0F8 /* .editorconfig in Resources */ = {isa = PBXBuildFile; fileRef = BBED9DBC2EA3FBB4006DC0F8 /* .editorconfig */; };
/* End PBXBuildFile section */

/* Begin PBXContainerItemProxy section */
		BBED9D492EA3F1F3006DC0F8 /* PBXContainerItemProxy */ = {
			isa = PBXContainerItemProxy;
			containerPortal = BBED9D332EA3F1F1006DC0F8 /* Project object */;
			proxyType = 1;
			remoteGlobalIDString = BBED9D3A2EA3F1F1006DC0F8;
			remoteInfo = MiniMarket;
		};
		BBED9D532EA3F1F3006DC0F8 /* PBXContainerItemProxy */ = {
			isa = PBXContainerItemProxy;
			containerPortal = BBED9D332EA3F1F1006DC0F8 /* Project object */;
			proxyType = 1;
			remoteGlobalIDString = BBED9D3A2EA3F1F1006DC0F8;
			remoteInfo = MiniMarket;
		};
/* End PBXContainerItemProxy section */

/* Begin PBXFileReference section */
		BBED9D3B2EA3F1F1006DC0F8 /* MiniMarket.app */ = {isa = PBXFileReference; explicitFileType = wrapper.application; includeInIndex = 0; path = MiniMarket.app; sourceTree = BUILT_PRODUCTS_DIR; };
		BBED9D482EA3F1F3006DC0F8 /* MiniMarketTests.xctest */ = {isa = PBXFileReference; explicitFileType = wrapper.cfbundle; includeInIndex = 0; path = MiniMarketTests.xctest; sourceTree = BUILT_PRODUCTS_DIR; };
		BBED9D522EA3F1F3006DC0F8 /* MiniMarketUITests.xctest */ = {isa = PBXFileReference; explicitFileType = wrapper.cfbundle; includeInIndex = 0; path = MiniMarketUITests.xctest; sourceTree = BUILT_PRODUCTS_DIR; };
		BBED9DBC2EA3FBB4006DC0F8 /* .editorconfig */ = {isa = PBXFileReference; lastKnownFileType = text; path = .editorconfig; sourceTree = "<group>"; };
/* End PBXFileReference section */

/* Begin PBXFileSystemSynchronizedRootGroup section */
		BBED9D3D2EA3F1F1006DC0F8 /* MiniMarket */ = {
			isa = PBXFileSystemSynchronizedRootGroup;
			path = MiniMarket;
			sourceTree = "<group>";
		};
		BBED9D4B2EA3F1F3006DC0F8 /* MiniMarketTests */ = {
			isa = PBXFileSystemSynchronizedRootGroup;
			path = MiniMarketTests;
			sourceTree = "<group>";
		};
		BBED9D552EA3F1F3006DC0F8 /* MiniMarketUITests */ = {
			isa = PBXFileSystemSynchronizedRootGroup;
			path = MiniMarketUITests;
			sourceTree = "<group>";
		};
/* End PBXFileSystemSynchronizedRootGroup section */

/* Begin PBXFrameworksBuildPhase section */
		BBED9D382EA3F1F1006DC0F8 /* Frameworks */ = {
			isa = PBXFrameworksBuildPhase;
			buildActionMask = 2147483647;
			files = (
				BBED9D7E2EA3F377006DC0F8 /* ComposableArchitecture in Frameworks */,
			);
			runOnlyForDeploymentPostprocessing = 0;
		};
		BBED9D452EA3F1F3006DC0F8 /* Frameworks */ = {
			isa = PBXFrameworksBuildPhase;
			buildActionMask = 2147483647;
			files = (
			);
			runOnlyForDeploymentPostprocessing = 0;
		};
		BBED9D4F2EA3F1F3006DC0F8 /* Frameworks */ = {
			isa = PBXFrameworksBuildPhase;
			buildActionMask = 2147483647;
			files = (
			);
			runOnlyForDeploymentPostprocessing = 0;
		};
/* End PBXFrameworksBuildPhase section */

/* Begin PBXGroup section */
		BBED9D322EA3F1F1006DC0F8 = {
			isa = PBXGroup;
			children = (
				BBED9DBC2EA3FBB4006DC0F8 /* .editorconfig */,
				BBED9D3D2EA3F1F1006DC0F8 /* MiniMarket */,
				BBED9D4B2EA3F1F3006DC0F8 /* MiniMarketTests */,
				BBED9D552EA3F1F3006DC0F8 /* MiniMarketUITests */,
				BBED9D3C2EA3F1F1006DC0F8 /* Products */,
			);
			sourceTree = "<group>";
		};
		BBED9D3C2EA3F1F1006DC0F8 /* Products */ = {
			isa = PBXGroup;
			children = (
				BBED9D3B2EA3F1F1006DC0F8 /* MiniMarket.app */,
				BBED9D482EA3F1F3006DC0F8 /* MiniMarketTests.xctest */,
				BBED9D522EA3F1F3006DC0F8 /* MiniMarketUITests.xctest */,
			);
			name = Products;
			sourceTree = "<group>";
		};
/* End PBXGroup section */

/* Begin PBXNativeTarget section */
		BBED9D3A2EA3F1F1006DC0F8 /* MiniMarket */ = {
			isa = PBXNativeTarget;
			buildConfigurationList = BBED9D5C2EA3F1F3006DC0F8 /* Build configuration list for PBXNativeTarget "MiniMarket" */;
			buildPhases = (
				BBED9D372EA3F1F1006DC0F8 /* Sources */,
				BBED9D382EA3F1F1006DC0F8 /* Frameworks */,
				BBED9D392EA3F1F1006DC0F8 /* Resources */,
			);
			buildRules = (
			);
			dependencies = (
			);
			fileSystemSynchronizedGroups = (
				BBED9D3D2EA3F1F1006DC0F8 /* MiniMarket */,
			);
			name = MiniMarket;
			packageProductDependencies = (
				BBED9D7D2EA3F377006DC0F8 /* ComposableArchitecture */,
			);
			productName = MiniMarket;
			productReference = BBED9D3B2EA3F1F1006DC0F8 /* MiniMarket.app */;
			productType = "com.apple.product-type.application";
		};
		BBED9D472EA3F1F3006DC0F8 /* MiniMarketTests */ = {
			isa = PBXNativeTarget;
			buildConfigurationList = BBED9D5F2EA3F1F3006DC0F8 /* Build configuration list for PBXNativeTarget "MiniMarketTests" */;
			buildPhases = (
				BBED9D442EA3F1F3006DC0F8 /* Sources */,
				BBED9D452EA3F1F3006DC0F8 /* Frameworks */,
				BBED9D462EA3F1F3006DC0F8 /* Resources */,
			);
			buildRules = (
			);
			dependencies = (
				BBED9D4A2EA3F1F3006DC0F8 /* PBXTargetDependency */,
			);
			fileSystemSynchronizedGroups = (
				BBED9D4B2EA3F1F3006DC0F8 /* MiniMarketTests */,
			);
			name = MiniMarketTests;
			packageProductDependencies = (
			);
			productName = MiniMarketTests;
			productReference = BBED9D482EA3F1F3006DC0F8 /* MiniMarketTests.xctest */;
			productType = "com.apple.product-type.bundle.unit-test";
		};
		BBED9D512EA3F1F3006DC0F8 /* MiniMarketUITests */ = {
			isa = PBXNativeTarget;
			buildConfigurationList = BBED9D622EA3F1F3006DC0F8 /* Build configuration list for PBXNativeTarget "MiniMarketUITests" */;
			buildPhases = (
				BBED9D4E2EA3F1F3006DC0F8 /* Sources */,
				BBED9D4F2EA3F1F3006DC0F8 /* Frameworks */,
				BBED9D502EA3F1F3006DC0F8 /* Resources */,
			);
			buildRules = (
			);
			dependencies = (
				BBED9D542EA3F1F3006DC0F8 /* PBXTargetDependency */,
			);
			fileSystemSynchronizedGroups = (
				BBED9D552EA3F1F3006DC0F8 /* MiniMarketUITests */,
			);
			name = MiniMarketUITests;
			packageProductDependencies = (
			);
			productName = MiniMarketUITests;
			productReference = BBED9D522EA3F1F3006DC0F8 /* MiniMarketUITests.xctest */;
			productType = "com.apple.product-type.bundle.ui-testing";
		};
/* End PBXNativeTarget section */

/* Begin PBXProject section */
		BBED9D332EA3F1F1006DC0F8 /* Project object */ = {
			isa = PBXProject;
			attributes = {
				BuildIndependentTargetsInParallel = 1;
				LastSwiftUpdateCheck = 2600;
				LastUpgradeCheck = 2600;
				TargetAttributes = {
					BBED9D3A2EA3F1F1006DC0F8 = {
						CreatedOnToolsVersion = 26.0.1;
					};
					BBED9D472EA3F1F3006DC0F8 = {
						CreatedOnToolsVersion = 26.0.1;
						TestTargetID = BBED9D3A2EA3F1F1006DC0F8;
					};
					BBED9D512EA3F1F3006DC0F8 = {
						CreatedOnToolsVersion = 26.0.1;
						TestTargetID = BBED9D3A2EA3F1F1006DC0F8;
					};
				};
			};
			buildConfigurationList = BBED9D362EA3F1F1006DC0F8 /* Build configuration list for PBXProject "MiniMarket" */;
			developmentRegion = en;
			hasScannedForEncodings = 0;
			knownRegions = (
				en,
				Base,
			);
			mainGroup = BBED9D322EA3F1F1006DC0F8;
			minimizedProjectReferenceProxies = 1;
			packageReferences = (
				BBED9D7C2EA3F377006DC0F8 /* XCRemoteSwiftPackageReference "swift-composable-architecture" */,
			);
			preferredProjectObjectVersion = 77;
			productRefGroup = BBED9D3C2EA3F1F1006DC0F8 /* Products */;
			projectDirPath = "";
			projectRoot = "";
			targets = (
				BBED9D3A2EA3F1F1006DC0F8 /* MiniMarket */,
				BBED9D472EA3F1F3006DC0F8 /* MiniMarketTests */,
				BBED9D512EA3F1F3006DC0F8 /* MiniMarketUITests */,
			);
		};
/* End PBXProject section */

/* Begin PBXResourcesBuildPhase section */
		BBED9D392EA3F1F1006DC0F8 /* Resources */ = {
			isa = PBXResourcesBuildPhase;
			buildActionMask = 2147483647;
			files = (
				BBED9DBD2EA3FBB4006DC0F8 /* .editorconfig in Resources */,
			);
			runOnlyForDeploymentPostprocessing = 0;
		};
		BBED9D462EA3F1F3006DC0F8 /* Resources */ = {
			isa = PBXResourcesBuildPhase;
			buildActionMask = 2147483647;
			files = (
			);
			runOnlyForDeploymentPostprocessing = 0;
		};
		BBED9D502EA3F1F3006DC0F8 /* Resources */ = {
			isa = PBXResourcesBuildPhase;
			buildActionMask = 2147483647;
			files = (
			);
			runOnlyForDeploymentPostprocessing = 0;
		};
/* End PBXResourcesBuildPhase section */

/* Begin PBXSourcesBuildPhase section */
		BBED9D372EA3F1F1006DC0F8 /* Sources */ = {
			isa = PBXSourcesBuildPhase;
			buildActionMask = 2147483647;
			files = (
			);
			runOnlyForDeploymentPostprocessing = 0;
		};
		BBED9D442EA3F1F3006DC0F8 /* Sources */ = {
			isa = PBXSourcesBuildPhase;
			buildActionMask = 2147483647;
			files = (
			);
			runOnlyForDeploymentPostprocessing = 0;
		};
		BBED9D4E2EA3F1F3006DC0F8 /* Sources */ = {
			isa = PBXSourcesBuildPhase;
			buildActionMask = 2147483647;
			files = (
			);
			runOnlyForDeploymentPostprocessing = 0;
		};
/* End PBXSourcesBuildPhase section */

/* Begin PBXTargetDependency section */
		BBED9D4A2EA3F1F3006DC0F8 /* PBXTargetDependency */ = {
			isa = PBXTargetDependency;
			target = BBED9D3A2EA3F1F1006DC0F8 /* MiniMarket */;
			targetProxy = BBED9D492EA3F1F3006DC0F8 /* PBXContainerItemProxy */;
		};
		BBED9D542EA3F1F3006DC0F8 /* PBXTargetDependency */ = {
			isa = PBXTargetDependency;
			target = BBED9D3A2EA3F1F1006DC0F8 /* MiniMarket */;
			targetProxy = BBED9D532EA3F1F3006DC0F8 /* PBXContainerItemProxy */;
		};
/* End PBXTargetDependency section */

/* Begin XCBuildConfiguration section */
		BBED9D5A2EA3F1F3006DC0F8 /* Debug */ = {
			isa = XCBuildConfiguration;
			buildSettings = {
				ALWAYS_SEARCH_USER_PATHS = NO;
				ASSETCATALOG_COMPILER_GENERATE_SWIFT_ASSET_SYMBOL_EXTENSIONS = YES;
				CLANG_ANALYZER_NONNULL = YES;
				CLANG_ANALYZER_NUMBER_OBJECT_CONVERSION = YES_AGGRESSIVE;
				CLANG_CXX_LANGUAGE_STANDARD = "gnu++20";
				CLANG_ENABLE_MODULES = YES;
				CLANG_ENABLE_OBJC_ARC = YES;
				CLANG_ENABLE_OBJC_WEAK = YES;
				CLANG_WARN_BLOCK_CAPTURE_AUTORELEASING = YES;
				CLANG_WARN_BOOL_CONVERSION = YES;
				CLANG_WARN_COMMA = YES;
				CLANG_WARN_CONSTANT_CONVERSION = YES;
				CLANG_WARN_DEPRECATED_OBJC_IMPLEMENTATIONS = YES;
				CLANG_WARN_DIRECT_OBJC_ISA_USAGE = YES_ERROR;
				CLANG_WARN_DOCUMENTATION_COMMENTS = YES;
				CLANG_WARN_EMPTY_BODY = YES;
				CLANG_WARN_ENUM_CONVERSION = YES;
				CLANG_WARN_INFINITE_RECURSION = YES;
				CLANG_WARN_INT_CONVERSION = YES;
				CLANG_WARN_NON_LITERAL_NULL_CONVERSION = YES;
				CLANG_WARN_OBJC_IMPLICIT_RETAIN_SELF = YES;
				CLANG_WARN_OBJC_LITERAL_CONVERSION = YES;
				CLANG_WARN_OBJC_ROOT_CLASS = YES_ERROR;
				CLANG_WARN_QUOTED_INCLUDE_IN_FRAMEWORK_HEADER = YES;
				CLANG_WARN_RANGE_LOOP_ANALYSIS = YES;
				CLANG_WARN_STRICT_PROTOTYPES = YES;
				CLANG_WARN_SUSPICIOUS_MOVE = YES;
				CLANG_WARN_UNGUARDED_AVAILABILITY = YES_AGGRESSIVE;
				CLANG_WARN_UNREACHABLE_CODE = YES;
				CLANG_WARN__DUPLICATE_METHOD_MATCH = YES;
				COPY_PHASE_STRIP = NO;
				DEBUG_INFORMATION_FORMAT = dwarf;
				ENABLE_STRICT_OBJC_MSGSEND = YES;
				ENABLE_TESTABILITY = YES;
				ENABLE_USER_SCRIPT_SANDBOXING = YES;
				GCC_C_LANGUAGE_STANDARD = gnu17;
				GCC_DYNAMIC_NO_PIC = NO;
				GCC_NO_COMMON_BLOCKS = YES;
				GCC_OPTIMIZATION_LEVEL = 0;
				GCC_PREPROCESSOR_DEFINITIONS = (
					"DEBUG=1",
					"$(inherited)",
				);
				GCC_WARN_64_TO_32_BIT_CONVERSION = YES;
				GCC_WARN_ABOUT_RETURN_TYPE = YES_ERROR;
				GCC_WARN_UNDECLARED_SELECTOR = YES;
				GCC_WARN_UNINITIALIZED_AUTOS = YES_AGGRESSIVE;
				GCC_WARN_UNUSED_FUNCTION = YES;
				GCC_WARN_UNUSED_VARIABLE = YES;
				IPHONEOS_DEPLOYMENT_TARGET = 26.0;
				LOCALIZATION_PREFERS_STRING_CATALOGS = YES;
				MTL_ENABLE_DEBUG_INFO = INCLUDE_SOURCE;
				MTL_FAST_MATH = YES;
				ONLY_ACTIVE_ARCH = YES;
				SDKROOT = iphoneos;
				SWIFT_ACTIVE_COMPILATION_CONDITIONS = "DEBUG $(inherited)";
				SWIFT_OPTIMIZATION_LEVEL = "-Onone";
			};
			name = Debug;
		};
		BBED9D5B2EA3F1F3006DC0F8 /* Release */ = {
			isa = XCBuildConfiguration;
			buildSettings = {
				ALWAYS_SEARCH_USER_PATHS = NO;
				ASSETCATALOG_COMPILER_GENERATE_SWIFT_ASSET_SYMBOL_EXTENSIONS = YES;
				CLANG_ANALYZER_NONNULL = YES;
				CLANG_ANALYZER_NUMBER_OBJECT_CONVERSION = YES_AGGRESSIVE;
				CLANG_CXX_LANGUAGE_STANDARD = "gnu++20";
				CLANG_ENABLE_MODULES = YES;
				CLANG_ENABLE_OBJC_ARC = YES;
				CLANG_ENABLE_OBJC_WEAK = YES;
				CLANG_WARN_BLOCK_CAPTURE_AUTORELEASING = YES;
				CLANG_WARN_BOOL_CONVERSION = YES;
				CLANG_WARN_COMMA = YES;
				CLANG_WARN_CONSTANT_CONVERSION = YES;
				CLANG_WARN_DEPRECATED_OBJC_IMPLEMENTATIONS = YES;
				CLANG_WARN_DIRECT_OBJC_ISA_USAGE = YES_ERROR;
				CLANG_WARN_DOCUMENTATION_COMMENTS = YES;
				CLANG_WARN_EMPTY_BODY = YES;
				CLANG_WARN_ENUM_CONVERSION = YES;
				CLANG_WARN_INFINITE_RECURSION = YES;
				CLANG_WARN_INT_CONVERSION = YES;
				CLANG_WARN_NON_LITERAL_NULL_CONVERSION = YES;
				CLANG_WARN_OBJC_IMPLICIT_RETAIN_SELF = YES;
				CLANG_WARN_OBJC_LITERAL_CONVERSION = YES;
				CLANG_WARN_OBJC_ROOT_CLASS = YES_ERROR;
				CLANG_WARN_QUOTED_INCLUDE_IN_FRAMEWORK_HEADER = YES;
				CLANG_WARN_RANGE_LOOP_ANALYSIS = YES;
				CLANG_WARN_STRICT_PROTOTYPES = YES;
				CLANG_WARN_SUSPICIOUS_MOVE = YES;
				CLANG_WARN_UNGUARDED_AVAILABILITY = YES_AGGRESSIVE;
				CLANG_WARN_UNREACHABLE_CODE = YES;
				CLANG_WARN__DUPLICATE_METHOD_MATCH = YES;
				COPY_PHASE_STRIP = NO;
				DEBUG_INFORMATION_FORMAT = "dwarf-with-dsym";
				ENABLE_NS_ASSERTIONS = NO;
				ENABLE_STRICT_OBJC_MSGSEND = YES;
				ENABLE_USER_SCRIPT_SANDBOXING = YES;
				GCC_C_LANGUAGE_STANDARD = gnu17;
				GCC_NO_COMMON_BLOCKS = YES;
				GCC_WARN_64_TO_32_BIT_CONVERSION = YES;
				GCC_WARN_ABOUT_RETURN_TYPE = YES_ERROR;
				GCC_WARN_UNDECLARED_SELECTOR = YES;
				GCC_WARN_UNINITIALIZED_AUTOS = YES_AGGRESSIVE;
				GCC_WARN_UNUSED_FUNCTION = YES;
				GCC_WARN_UNUSED_VARIABLE = YES;
				IPHONEOS_DEPLOYMENT_TARGET = 26.0;
				LOCALIZATION_PREFERS_STRING_CATALOGS = YES;
				MTL_ENABLE_DEBUG_INFO = NO;
				MTL_FAST_MATH = YES;
				SDKROOT = iphoneos;
				SWIFT_COMPILATION_MODE = wholemodule;
				VALIDATE_PRODUCT = YES;
			};
			name = Release;
		};
		BBED9D5D2EA3F1F3006DC0F8 /* Debug */ = {
			isa = XCBuildConfiguration;
			buildSettings = {
				ASSETCATALOG_COMPILER_APPICON_NAME = AppIcon;
				ASSETCATALOG_COMPILER_GLOBAL_ACCENT_COLOR_NAME = AccentColor;
				CODE_SIGN_STYLE = Automatic;
				CURRENT_PROJECT_VERSION = 1;
				ENABLE_PREVIEWS = YES;
				GENERATE_INFOPLIST_FILE = YES;
				INFOPLIST_KEY_UIApplicationSceneManifest_Generation = YES;
				INFOPLIST_KEY_UIApplicationSupportsIndirectInputEvents = YES;
				INFOPLIST_KEY_UILaunchScreen_Generation = YES;
				INFOPLIST_KEY_UISupportedInterfaceOrientations_iPad = "UIInterfaceOrientationPortrait UIInterfaceOrientationPortraitUpsideDown UIInterfaceOrientationLandscapeLeft UIInterfaceOrientationLandscapeRight";
				INFOPLIST_KEY_UISupportedInterfaceOrientations_iPhone = "UIInterfaceOrientationPortrait UIInterfaceOrientationLandscapeLeft UIInterfaceOrientationLandscapeRight";
				LD_RUNPATH_SEARCH_PATHS = (
					"$(inherited)",
					"@executable_path/Frameworks",
				);
				MARKETING_VERSION = 1.0;
				PRODUCT_BUNDLE_IDENTIFIER = io.jaroshevskii.MiniMarket;
				PRODUCT_NAME = "$(TARGET_NAME)";
				STRING_CATALOG_GENERATE_SYMBOLS = YES;
				SWIFT_APPROACHABLE_CONCURRENCY = YES;
				SWIFT_DEFAULT_ACTOR_ISOLATION = nonisolated;
				SWIFT_EMIT_LOC_STRINGS = YES;
				SWIFT_UPCOMING_FEATURE_MEMBER_IMPORT_VISIBILITY = YES;
				SWIFT_VERSION = 6.0;
				TARGETED_DEVICE_FAMILY = "1,2";
			};
			name = Debug;
		};
		BBED9D5E2EA3F1F3006DC0F8 /* Release */ = {
			isa = XCBuildConfiguration;
			buildSettings = {
				ASSETCATALOG_COMPILER_APPICON_NAME = AppIcon;
				ASSETCATALOG_COMPILER_GLOBAL_ACCENT_COLOR_NAME = AccentColor;
				CODE_SIGN_STYLE = Automatic;
				CURRENT_PROJECT_VERSION = 1;
				ENABLE_PREVIEWS = YES;
				GENERATE_INFOPLIST_FILE = YES;
				INFOPLIST_KEY_UIApplicationSceneManifest_Generation = YES;
				INFOPLIST_KEY_UIApplicationSupportsIndirectInputEvents = YES;
				INFOPLIST_KEY_UILaunchScreen_Generation = YES;
				INFOPLIST_KEY_UISupportedInterfaceOrientations_iPad = "UIInterfaceOrientationPortrait UIInterfaceOrientationPortraitUpsideDown UIInterfaceOrientationLandscapeLeft UIInterfaceOrientationLandscapeRight";
				INFOPLIST_KEY_UISupportedInterfaceOrientations_iPhone = "UIInterfaceOrientationPortrait UIInterfaceOrientationLandscapeLeft UIInterfaceOrientationLandscapeRight";
				LD_RUNPATH_SEARCH_PATHS = (
					"$(inherited)",
					"@executable_path/Frameworks",
				);
				MARKETING_VERSION = 1.0;
				PRODUCT_BUNDLE_IDENTIFIER = io.jaroshevskii.MiniMarket;
				PRODUCT_NAME = "$(TARGET_NAME)";
				STRING_CATALOG_GENERATE_SYMBOLS = YES;
				SWIFT_APPROACHABLE_CONCURRENCY = YES;
				SWIFT_DEFAULT_ACTOR_ISOLATION = nonisolated;
				SWIFT_EMIT_LOC_STRINGS = YES;
				SWIFT_UPCOMING_FEATURE_MEMBER_IMPORT_VISIBILITY = YES;
				SWIFT_VERSION = 6.0;
				TARGETED_DEVICE_FAMILY = "1,2";
			};
			name = Release;
		};
		BBED9D602EA3F1F3006DC0F8 /* Debug */ = {
			isa = XCBuildConfiguration;
			buildSettings = {
				BUNDLE_LOADER = "$(TEST_HOST)";
				CODE_SIGN_STYLE = Automatic;
				CURRENT_PROJECT_VERSION = 1;
				GENERATE_INFOPLIST_FILE = YES;
				IPHONEOS_DEPLOYMENT_TARGET = 26.0;
				MARKETING_VERSION = 1.0;
				PRODUCT_BUNDLE_IDENTIFIER = io.jaroshevskii.MiniMarketTests;
				PRODUCT_NAME = "$(TARGET_NAME)";
				STRING_CATALOG_GENERATE_SYMBOLS = NO;
				SWIFT_APPROACHABLE_CONCURRENCY = YES;
				SWIFT_EMIT_LOC_STRINGS = NO;
				SWIFT_UPCOMING_FEATURE_MEMBER_IMPORT_VISIBILITY = YES;
				SWIFT_VERSION = 5.0;
				TARGETED_DEVICE_FAMILY = "1,2";
				TEST_HOST = "$(BUILT_PRODUCTS_DIR)/MiniMarket.app/$(BUNDLE_EXECUTABLE_FOLDER_PATH)/MiniMarket";
			};
			name = Debug;
		};
		BBED9D612EA3F1F3006DC0F8 /* Release */ = {
			isa = XCBuildConfiguration;
			buildSettings = {
				BUNDLE_LOADER = "$(TEST_HOST)";
				CODE_SIGN_STYLE = Automatic;
				CURRENT_PROJECT_VERSION = 1;
				GENERATE_INFOPLIST_FILE = YES;
				IPHONEOS_DEPLOYMENT_TARGET = 26.0;
				MARKETING_VERSION = 1.0;
				PRODUCT_BUNDLE_IDENTIFIER = io.jaroshevskii.MiniMarketTests;
				PRODUCT_NAME = "$(TARGET_NAME)";
				STRING_CATALOG_GENERATE_SYMBOLS = NO;
				SWIFT_APPROACHABLE_CONCURRENCY = YES;
				SWIFT_EMIT_LOC_STRINGS = NO;
				SWIFT_UPCOMING_FEATURE_MEMBER_IMPORT_VISIBILITY = YES;
				SWIFT_VERSION = 5.0;
				TARGETED_DEVICE_FAMILY = "1,2";
				TEST_HOST = "$(BUILT_PRODUCTS_DIR)/MiniMarket.app/$(BUNDLE_EXECUTABLE_FOLDER_PATH)/MiniMarket";
			};
			name = Release;
		};
		BBED9D632EA3F1F3006DC0F8 /* Debug */ = {
			isa = XCBuildConfiguration;
			buildSettings = {
				CODE_SIGN_STYLE = Automatic;
				CURRENT_PROJECT_VERSION = 1;
				GENERATE_INFOPLIST_FILE = YES;
				MARKETING_VERSION = 1.0;
				PRODUCT_BUNDLE_IDENTIFIER = io.jaroshevskii.MiniMarketUITests;
				PRODUCT_NAME = "$(TARGET_NAME)";
				STRING_CATALOG_GENERATE_SYMBOLS = NO;
				SWIFT_APPROACHABLE_CONCURRENCY = YES;
				SWIFT_EMIT_LOC_STRINGS = NO;
				SWIFT_UPCOMING_FEATURE_MEMBER_IMPORT_VISIBILITY = YES;
				SWIFT_VERSION = 5.0;
				TARGETED_DEVICE_FAMILY = "1,2";
				TEST_TARGET_NAME = MiniMarket;
			};
			name = Debug;
		};
		BBED9D642EA3F1F3006DC0F8 /* Release */ = {
			isa = XCBuildConfiguration;
			buildSettings = {
				CODE_SIGN_STYLE = Automatic;
				CURRENT_PROJECT_VERSION = 1;
				GENERATE_INFOPLIST_FILE = YES;
				MARKETING_VERSION = 1.0;
				PRODUCT_BUNDLE_IDENTIFIER = io.jaroshevskii.MiniMarketUITests;
				PRODUCT_NAME = "$(TARGET_NAME)";
				STRING_CATALOG_GENERATE_SYMBOLS = NO;
				SWIFT_APPROACHABLE_CONCURRENCY = YES;
				SWIFT_EMIT_LOC_STRINGS = NO;
				SWIFT_UPCOMING_FEATURE_MEMBER_IMPORT_VISIBILITY = YES;
				SWIFT_VERSION = 5.0;
				TARGETED_DEVICE_FAMILY = "1,2";
				TEST_TARGET_NAME = MiniMarket;
			};
			name = Release;
		};
/* End XCBuildConfiguration section */

/* Begin XCConfigurationList section */
		BBED9D362EA3F1F1006DC0F8 /* Build configuration list for PBXProject "MiniMarket" */ = {
			isa = XCConfigurationList;
			buildConfigurations = (
				BBED9D5A2EA3F1F3006DC0F8 /* Debug */,
				BBED9D5B2EA3F1F3006DC0F8 /* Release */,
			);
			defaultConfigurationIsVisible = 0;
			defaultConfigurationName = Release;
		};
		BBED9D5C2EA3F1F3006DC0F8 /* Build configuration list for PBXNativeTarget "MiniMarket" */ = {
			isa = XCConfigurationList;
			buildConfigurations = (
				BBED9D5D2EA3F1F3006DC0F8 /* Debug */,
				BBED9D5E2EA3F1F3006DC0F8 /* Release */,
			);
			defaultConfigurationIsVisible = 0;
			defaultConfigurationName = Release;
		};
		BBED9D5F2EA3F1F3006DC0F8 /* Build configuration list for PBXNativeTarget "MiniMarketTests" */ = {
			isa = XCConfigurationList;
			buildConfigurations = (
				BBED9D602EA3F1F3006DC0F8 /* Debug */,
				BBED9D612EA3F1F3006DC0F8 /* Release */,
			);
			defaultConfigurationIsVisible = 0;
			defaultConfigurationName = Release;
		};
		BBED9D622EA3F1F3006DC0F8 /* Build configuration list for PBXNativeTarget "MiniMarketUITests" */ = {
			isa = XCConfigurationList;
			buildConfigurations = (
				BBED9D632EA3F1F3006DC0F8 /* Debug */,
				BBED9D642EA3F1F3006DC0F8 /* Release */,
			);
			defaultConfigurationIsVisible = 0;
			defaultConfigurationName = Release;
		};
/* End XCConfigurationList section */

/* Begin XCRemoteSwiftPackageReference section */
		BBED9D7C2EA3F377006DC0F8 /* XCRemoteSwiftPackageReference "swift-composable-architecture" */ = {
			isa = XCRemoteSwiftPackageReference;
			repositoryURL = "https://github.com/pointfreeco/swift-composable-architecture";
			requirement = {
				kind = upToNextMajorVersion;
				minimumVersion = 1.23.0;
			};
		};
/* End XCRemoteSwiftPackageReference section */

/* Begin XCSwiftPackageProductDependency section */
		BBED9D7D2EA3F377006DC0F8 /* ComposableArchitecture */ = {
			isa = XCSwiftPackageProductDependency;
			package = BBED9D7C2EA3F377006DC0F8 /* XCRemoteSwiftPackageReference "swift-composable-architecture" */;
			productName = ComposableArchitecture;
		};
/* End XCSwiftPackageProductDependency section */
	};
	rootObject = BBED9D332EA3F1F1006DC0F8 /* Project object */;
}
